github.com/oxzjh/cv v0.1.0 h1:5tx0HCX0if+tAoaRPv1aAd43cjm+FZWzMEt95SRld2Y=
github.com/oxzjh/cv v0.1.0/go.mod h1:Ec90Qr8UaD180l9NT47UF3PCwVFUoZ+WKezVy7tFH14=
github.com/oxzjh/ort v0.1.0 h1:1fqSBoeIL/TPlk8jNF8s3cl8rp7A/11pV+PPdRurLw8=
github.com/oxzjh/ort v0.1.0/go.mod h1:hK5ubAgNn/xzSuIrU7wf/OV+qgbUppBQfieEk31naF8=
github.com/oxzjh/vector v0.1.0 h1:C+BEKW/DS71ukXGDIOuQuuAbcmP1a1i4NfaiF9qDYoM=
github.com/oxzjh/vector v0.1.0/go.mod h1:aV9hYU0FXewqTabGUN8FCkEd2bVxRbFyeLwveRak/C8=
